
Microsoft Visual Studio Solution File, Format Version 12.00
# Visual Studio Version 17
VisualStudioVersion = 17.7.34202.233
MinimumVisualStudioVersion = 10.0.40219.1
Project("{FAE04EC0-301F-11D3-BF4B-00C04F79EFBC}") = "Livrable 1 mars 2025", "Livrable 1 mars 2025\Livrable 1 mars 2025.csproj", "{2174C7A4-85D9-4979-8834-0893CF633917}"
EndProject
Global
	GlobalSection(SolutionConfigurationPlatforms) = preSolution
		Debug|Any CPU = Debug|Any CPU
		Release|Any CPU = Release|Any CPU
	EndGlobalSection
	GlobalSection(ProjectConfigurationPlatforms) = postSolution
		{2174C7A4-85D9-4979-8834-0893CF633917}.Debug|Any CPU.ActiveCfg = Debug|Any CPU
		{2174C7A4-85D9-4979-8834-0893CF633917}.Debug|Any CPU.Build.0 = Debug|Any CPU
		{2174C7A4-85D9-4979-8834-0893CF633917}.Release|Any CPU.ActiveCfg = Release|Any CPU
		{2174C7A4-85D9-4979-8834-0893CF633917}.Release|Any CPU.Build.0 = Release|Any CPU
	EndGlobalSection
	GlobalSection(SolutionProperties) = preSolution
		HideSolutionNode = FALSE
	EndGlobalSection
	GlobalSection(ExtensibilityGlobals) = postSolution
		SolutionGuid = {9F48D3D4-EED2-48CA-BCE5-972C90BACAF3}
	EndGlobalSection
EndGlobal
